
Microsoft Visual Studio Solution File, Format Version 12.00
# Visual Studio Version 17
VisualStudioVersion = 17.3.32825.248
MinimumVisualStudioVersion = 10.0.40219.1
Project("{9A19103F-16F7-4668-BE54-9A1E7A4F7556}") = "IniUx", "IniUx\IniUx.csproj", "{50A01AD5-B6F7-4310-800E-63037854CF2E}"
EndProject
Project("{9A19103F-16F7-4668-BE54-9A1E7A4F7556}") = "IniUxTests", "IniUxTests\IniUxTests.csproj", "{DC02ED3F-D81E-4AD2-83F6-969AAD1B5A5D}"
EndProject
Project("{9A19103F-16F7-4668-BE54-9A1E7A4F7556}") = "IniUx.Example", "IniUx.Example\IniUx.Example.csproj", "{522470C3-4343-46D7-82C6-E2E75F819C39}"
EndProject
Global
	GlobalSection(SolutionConfigurationPlatforms) = preSolution
		Debug|Any CPU = Debug|Any CPU
		Release|Any CPU = Release|Any CPU
	EndGlobalSection
	GlobalSection(ProjectConfigurationPlatforms) = postSolution
		{50A01AD5-B6F7-4310-800E-63037854CF2E}.Debug|Any CPU.ActiveCfg = Debug|Any CPU
		{50A01AD5-B6F7-4310-800E-63037854CF2E}.Debug|Any CPU.Build.0 = Debug|Any CPU
		{50A01AD5-B6F7-4310-800E-63037854CF2E}.Release|Any CPU.ActiveCfg = Release|Any CPU
		{50A01AD5-B6F7-4310-800E-63037854CF2E}.Release|Any CPU.Build.0 = Release|Any CPU
		{DC02ED3F-D81E-4AD2-83F6-969AAD1B5A5D}.Debug|Any CPU.ActiveCfg = Debug|Any CPU
		{DC02ED3F-D81E-4AD2-83F6-969AAD1B5A5D}.Debug|Any CPU.Build.0 = Debug|Any CPU
		{DC02ED3F-D81E-4AD2-83F6-969AAD1B5A5D}.Release|Any CPU.ActiveCfg = Release|Any CPU
		{DC02ED3F-D81E-4AD2-83F6-969AAD1B5A5D}.Release|Any CPU.Build.0 = Release|Any CPU
		{522470C3-4343-46D7-82C6-E2E75F819C39}.Debug|Any CPU.ActiveCfg = Debug|Any CPU
		{522470C3-4343-46D7-82C6-E2E75F819C39}.Debug|Any CPU.Build.0 = Debug|Any CPU
		{522470C3-4343-46D7-82C6-E2E75F819C39}.Release|Any CPU.ActiveCfg = Release|Any CPU
		{522470C3-4343-46D7-82C6-E2E75F819C39}.Release|Any CPU.Build.0 = Release|Any CPU
	EndGlobalSection
	GlobalSection(SolutionProperties) = preSolution
		HideSolutionNode = FALSE
	EndGlobalSection
	GlobalSection(ExtensibilityGlobals) = postSolution
		SolutionGuid = {CA34F3DA-B152-491A-A8E4-D6DEFFC15267}
	EndGlobalSection
EndGlobal
